
Microsoft Visual Studio Solution File, Format Version 12.00
Project("{FAE04EC0-301F-11D3-BF4B-00C04F79EFBC}") = "Loop.Benchmarks", "Loop.Benchmarks\Loop.Benchmarks.csproj", "{25CC5743-1B18-4518-AA2D-6E5968541623}"
EndProject
Global
	GlobalSection(SolutionConfigurationPlatforms) = preSolution
		Debug|Any CPU = Debug|Any CPU
		Release|Any CPU = Release|Any CPU
	EndGlobalSection
	GlobalSection(ProjectConfigurationPlatforms) = postSolution
		{25CC5743-1B18-4518-AA2D-6E5968541623}.Debug|Any CPU.ActiveCfg = Debug|Any CPU
		{25CC5743-1B18-4518-AA2D-6E5968541623}.Debug|Any CPU.Build.0 = Debug|Any CPU
		{25CC5743-1B18-4518-AA2D-6E5968541623}.Release|Any CPU.ActiveCfg = Release|Any CPU
		{25CC5743-1B18-4518-AA2D-6E5968541623}.Release|Any CPU.Build.0 = Release|Any CPU
	EndGlobalSection
EndGlobal
